
Microsoft Visual Studio Solution File, Format Version 12.00
# Visual Studio Version 17
VisualStudioVersion = 17.8.34330.188
MinimumVisualStudioVersion = 10.0.40219.1
Project("{FAE04EC0-301F-11D3-BF4B-00C04F79EFBC}") = "pertemuan ke-3", "pertemuan ke-3\pertemuan ke-3.csproj", "{211074E5-0A7E-41BA-A9E9-CD46F05CFBBB}"
EndProject
Global
	GlobalSection(SolutionConfigurationPlatforms) = preSolution
		Debug|Any CPU = Debug|Any CPU
		Release|Any CPU = Release|Any CPU
	EndGlobalSection
	GlobalSection(ProjectConfigurationPlatforms) = postSolution
		{211074E5-0A7E-41BA-A9E9-CD46F05CFBBB}.Debug|Any CPU.ActiveCfg = Debug|Any CPU
		{211074E5-0A7E-41BA-A9E9-CD46F05CFBBB}.Debug|Any CPU.Build.0 = Debug|Any CPU
		{211074E5-0A7E-41BA-A9E9-CD46F05CFBBB}.Release|Any CPU.ActiveCfg = Release|Any CPU
		{211074E5-0A7E-41BA-A9E9-CD46F05CFBBB}.Release|Any CPU.Build.0 = Release|Any CPU
	EndGlobalSection
	GlobalSection(SolutionProperties) = preSolution
		HideSolutionNode = FALSE
	EndGlobalSection
	GlobalSection(ExtensibilityGlobals) = postSolution
		SolutionGuid = {FB1ECEE9-CF44-430F-BAC3-68C2CBF1F9FC}
	EndGlobalSection
EndGlobal
